// !$*UTF8*$!
{
	archiveVersion = 1;
	classes = {
	};
	objectVersion = 50;
	objects = {

/* Begin PBXBuildFile section */
		44E6024423265CC400C35B61 /* AppDelegate.swift in Sources */ = {isa = PBXBuildFile; fileRef = 44E6024323265CC400C35B61 /* AppDelegate.swift */; };
		44E6024623265CC400C35B61 /* ViewController.swift in Sources */ = {isa = PBXBuildFile; fileRef = 44E6024523265CC400C35B61 /* ViewController.swift */; };
		44E6024923265CC400C35B61 /* Main.storyboard in Resources */ = {isa = PBXBuildFile; fileRef = 44E6024723265CC400C35B61 /* Main.storyboard */; };
		44E6024C23265CC400C35B61 /* CoreData_Storage.xcdatamodeld in Sources */ = {isa = PBXBuildFile; fileRef = 44E6024A23265CC400C35B61 /* CoreData_Storage.xcdatamodeld */; };
		44E6024E23265CC500C35B61 /* Assets.xcassets in Resources */ = {isa = PBXBuildFile; fileRef = 44E6024D23265CC500C35B61 /* Assets.xcassets */; };
		44E6025123265CC500C35B61 /* LaunchScreen.storyboard in Resources */ = {isa = PBXBuildFile; fileRef = 44E6024F23265CC500C35B61 /* LaunchScreen.storyboard */; };
		44E6025923265D9300C35B61 /* PersistanceManager.swift in Sources */ = {isa = PBXBuildFile; fileRef = 44E6025823265D9300C35B61 /* PersistanceManager.swift */; };
/* End PBXBuildFile section */

/* Begin PBXFileReference section */
		44E6024023265CC400C35B61 /* CoreData_Storage.app */ = {isa = PBXFileReference; explicitFileType = wrapper.application; includeInIndex = 0; path = CoreData_Storage.app; sourceTree = BUILT_PRODUCTS_DIR; };
		44E6024323265CC400C35B61 /* AppDelegate.swift */ = {isa = PBXFileReference; lastKnownFileType = sourcecode.swift; path = AppDelegate.swift; sourceTree = "<group>"; };
		44E6024523265CC400C35B61 /* ViewController.swift */ = {isa = PBXFileReference; lastKnownFileType = sourcecode.swift; path = ViewController.swift; sourceTree = "<group>"; };
		44E6024823265CC400C35B61 /* Base */ = {isa = PBXFileReference; lastKnownFileType = file.storyboard; name = Base; path = Base.lproj/Main.storyboard; sourceTree = "<group>"; };
		44E6024B23265CC400C35B61 /* CoreData_Storage.xcdatamodel */ = {isa = PBXFileReference; lastKnownFileType = wrapper.xcdatamodel; path = CoreData_Storage.xcdatamodel; sourceTree = "<group>"; };
		44E6024D23265CC500C35B61 /* Assets.xcassets */ = {isa = PBXFileReference; lastKnownFileType = folder.assetcatalog; path = Assets.xcassets; sourceTree = "<group>"; };
		44E6025023265CC500C35B61 /* Base */ = {isa = PBXFileReference; lastKnownFileType = file.storyboard; name = Base; path = Base.lproj/LaunchScreen.storyboard; sourceTree = "<group>"; };
		44E6025223265CC500C35B61 /* Info.plist */ = {isa = PBXFileReference; lastKnownFileType = text.plist.xml; path = Info.plist; sourceTree = "<group>"; };
		44E6025823265D9300C35B61 /* PersistanceManager.swift */ = {isa = PBXFileReference; fileEncoding = 4; lastKnownFileType = sourcecode.swift; path = PersistanceManager.swift; sourceTree = "<group>"; };
/* End PBXFileReference section */

/* Begin PBXFrameworksBuildPhase section */
		44E6023D23265CC400C35B61 /* Frameworks */ = {
			isa = PBXFrameworksBuildPhase;
			buildActionMask = 2147483647;
			files = (
			);
			runOnlyForDeploymentPostprocessing = 0;
		};
/* End PBXFrameworksBuildPhase section */

/* Begin PBXGroup section */
		44E6023723265CC400C35B61 = {
			isa = PBXGroup;
			children = (
				44E6024223265CC400C35B61 /* CoreData_Storage */,
				44E6024123265CC400C35B61 /* Products */,
			);
			sourceTree = "<group>";
		};
		44E6024123265CC400C35B61 /* Products */ = {
			isa = PBXGroup;
			children = (
				44E6024023265CC400C35B61 /* CoreData_Storage.app */,
			);
			name = Products;
			sourceTree = "<group>";
		};
		44E6024223265CC400C35B61 /* CoreData_Storage */ = {
			isa = PBXGroup;
			children = (
				44E6025823265D9300C35B61 /* PersistanceManager.swift */,
				44E6024323265CC400C35B61 /* AppDelegate.swift */,
				44E6024523265CC400C35B61 /* ViewController.swift */,
				44E6024723265CC400C35B61 /* Main.storyboard */,
				44E6024D23265CC500C35B61 /* Assets.xcassets */,
				44E6024F23265CC500C35B61 /* LaunchScreen.storyboard */,
				44E6025223265CC500C35B61 /* Info.plist */,
				44E6024A23265CC400C35B61 /* CoreData_Storage.xcdatamodeld */,
			);
			path = CoreData_Storage;
			sourceTree = "<group>";
		};
/* End PBXGroup section */

/* Begin PBXNativeTarget section */
		44E6023F23265CC400C35B61 /* CoreData_Storage */ = {
			isa = PBXNativeTarget;
			buildConfigurationList = 44E6025523265CC500C35B61 /* Build configuration list for PBXNativeTarget "CoreData_Storage" */;
			buildPhases = (
				44E6023C23265CC400C35B61 /* Sources */,
				44E6023D23265CC400C35B61 /* Frameworks */,
				44E6023E23265CC400C35B61 /* Resources */,
			);
			buildRules = (
			);
			dependencies = (
			);
			name = CoreData_Storage;
			productName = CoreData_Storage;
			productReference = 44E6024023265CC400C35B61 /* CoreData_Storage.app */;
			productType = "com.apple.product-type.application";
		};
/* End PBXNativeTarget section */

/* Begin PBXProject section */
		44E6023823265CC400C35B61 /* Project object */ = {
			isa = PBXProject;
			attributes = {
				LastSwiftUpdateCheck = 1010;
				LastUpgradeCheck = 1010;
				ORGANIZATIONNAME = "Ilesh's";
				TargetAttributes = {
					44E6023F23265CC400C35B61 = {
						CreatedOnToolsVersion = 10.1;
					};
				};
			};
			buildConfigurationList = 44E6023B23265CC400C35B61 /* Build configuration list for PBXProject "CoreData_Storage" */;
			compatibilityVersion = "Xcode 9.3";
			developmentRegion = en;
			hasScannedForEncodings = 0;
			knownRegions = (
				en,
				Base,
			);
			mainGroup = 44E6023723265CC400C35B61;
			productRefGroup = 44E6024123265CC400C35B61 /* Products */;
			projectDirPath = "";
			projectRoot = "";
			targets = (
				44E6023F23265CC400C35B61 /* CoreData_Storage */,
			);
		};
/* End PBXProject section */

/* Begin PBXResourcesBuildPhase section */
		44E6023E23265CC400C35B61 /* Resources */ = {
			isa = PBXResourcesBuildPhase;
			buildActionMask = 2147483647;
			files = (
				44E6025123265CC500C35B61 /* LaunchScreen.storyboard in Resources */,
				44E6024E23265CC500C35B61 /* Assets.xcassets in Resources */,
				44E6024923265CC400C35B61 /* Main.storyboard in Resources */,
			);
			runOnlyForDeploymentPostprocessing = 0;
		};
/* End PBXResourcesBuildPhase section */

/* Begin PBXSourcesBuildPhase section */
		44E6023C23265CC400C35B61 /* Sources */ = {
			isa = PBXSourcesBuildPhase;
			buildActionMask = 2147483647;
			files = (
				44E6024C23265CC400C35B61 /* CoreData_Storage.xcdatamodeld in Sources */,
				44E6024623265CC400C35B61 /* ViewController.swift in Sources */,
				44E6024423265CC400C35B61 /* AppDelegate.swift in Sources */,
				44E6025923265D9300C35B61 /* PersistanceManager.swift in Sources */,
			);
			runOnlyForDeploymentPostprocessing = 0;
		};
/* End PBXSourcesBuildPhase section */

/* Begin PBXVariantGroup section */
		44E6024723265CC400C35B61 /* Main.storyboard */ = {
			isa = PBXVariantGroup;
			children = (
				44E6024823265CC400C35B61 /* Base */,
			);
			name = Main.storyboard;
			sourceTree = "<group>";
		};
		44E6024F23265CC500C35B61 /* LaunchScreen.storyboard */ = {
			isa = PBXVariantGroup;
			children = (
				44E6025023265CC500C35B61 /* Base */,
			);
			name = LaunchScreen.storyboard;
			sourceTree = "<group>";
		};
/* End PBXVariantGroup section */

/* Begin XCBuildConfiguration section */
		44E6025323265CC500C35B61 /* Debug */ = {
			isa = XCBuildConfiguration;
			buildSettings = {
				ALWAYS_SEARCH_USER_PATHS = NO;
				CLANG_ANALYZER_NONNULL = YES;
				CLANG_ANALYZER_NUMBER_OBJECT_CONVERSION = YES_AGGRESSIVE;
				CLANG_CXX_LANGUAGE_STANDARD = "gnu++14";
				CLANG_CXX_LIBRARY = "libc++";
				CLANG_ENABLE_MODULES = YES;
				CLANG_ENABLE_OBJC_ARC = YES;
				CLANG_ENABLE_OBJC_WEAK = YES;
				CLANG_WARN_BLOCK_CAPTURE_AUTORELEASING = YES;
				CLANG_WARN_BOOL_CONVERSION = YES;
				CLANG_WARN_COMMA = YES;
				CLANG_WARN_CONSTANT_CONVERSION = YES;
				CLANG_WARN_DEPRECATED_OBJC_IMPLEMENTATIONS = YES;
				CLANG_WARN_DIRECT_OBJC_ISA_USAGE = YES_ERROR;
				CLANG_WARN_DOCUMENTATION_COMMENTS = YES;
				CLANG_WARN_EMPTY_BODY = YES;
				CLANG_WARN_ENUM_CONVERSION = YES;
				CLANG_WARN_INFINITE_RECURSION = YES;
				CLANG_WARN_INT_CONVERSION = YES;
				CLANG_WARN_NON_LITERAL_NULL_CONVERSION = YES;
				CLANG_WARN_OBJC_IMPLICIT_RETAIN_SELF = YES;
				CLANG_WARN_OBJC_LITERAL_CONVERSION = YES;
				CLANG_WARN_OBJC_ROOT_CLASS = YES_ERROR;
				CLANG_WARN_RANGE_LOOP_ANALYSIS = YES;
				CLANG_WARN_STRICT_PROTOTYPES = YES;
				CLANG_WARN_SUSPICIOUS_MOVE = YES;
				CLANG_WARN_UNGUARDED_AVAILABILITY = YES_AGGRESSIVE;
				CLANG_WARN_UNREACHABLE_CODE = YES;
				CLANG_WARN__DUPLICATE_METHOD_MATCH = YES;
				CODE_SIGN_IDENTITY = "iPhone Developer";
				COPY_PHASE_STRIP = NO;
				DEBUG_INFORMATION_FORMAT = dwarf;
				ENABLE_STRICT_OBJC_MSGSEND = YES;
				ENABLE_TESTABILITY = YES;
				GCC_C_LANGUAGE_STANDARD = gnu11;
				GCC_DYNAMIC_NO_PIC = NO;
				GCC_NO_COMMON_BLOCKS = YES;
				GCC_OPTIMIZATION_LEVEL = 0;
				GCC_PREPROCESSOR_DEFINITIONS = (
					"DEBUG=1",
					"$(inherited)",
				);
				GCC_WARN_64_TO_32_BIT_CONVERSION = YES;
				GCC_WARN_ABOUT_RETURN_TYPE = YES_ERROR;
				GCC_WARN_UNDECLARED_SELECTOR = YES;
				GCC_WARN_UNINITIALIZED_AUTOS = YES_AGGRESSIVE;
				GCC_WARN_UNUSED_FUNCTION = YES;
				GCC_WARN_UNUSED_VARIABLE = YES;
				IPHONEOS_DEPLOYMENT_TARGET = 11.0;
				MTL_ENABLE_DEBUG_INFO = INCLUDE_SOURCE;
				MTL_FAST_MATH = YES;
				ONLY_ACTIVE_ARCH = YES;
				SDKROOT = iphoneos;
				SWIFT_ACTIVE_COMPILATION_CONDITIONS = DEBUG;
				SWIFT_OPTIMIZATION_LEVEL = "-Onone";
			};
			name = Debug;
		};
		44E6025423265CC500C35B61 /* Release */ = {
			isa = XCBuildConfiguration;
			buildSettings = {
				ALWAYS_SEARCH_USER_PATHS = NO;
				CLANG_ANALYZER_NONNULL = YES;
				CLANG_ANALYZER_NUMBER_OBJECT_CONVERSION = YES_AGGRESSIVE;
				CLANG_CXX_LANGUAGE_STANDARD = "gnu++14";
				CLANG_CXX_LIBRARY = "libc++";
				CLANG_ENABLE_MODULES = YES;
				CLANG_ENABLE_OBJC_ARC = YES;
				CLANG_ENABLE_OBJC_WEAK = YES;
				CLANG_WARN_BLOCK_CAPTURE_AUTORELEASING = YES;
				CLANG_WARN_BOOL_CONVERSION = YES;
				CLANG_WARN_COMMA = YES;
				CLANG_WARN_CONSTANT_CONVERSION = YES;
				CLANG_WARN_DEPRECATED_OBJC_IMPLEMENTATIONS = YES;
				CLANG_WARN_DIRECT_OBJC_ISA_USAGE = YES_ERROR;
				CLANG_WARN_DOCUMENTATION_COMMENTS = YES;
				CLANG_WARN_EMPTY_BODY = YES;
				CLANG_WARN_ENUM_CONVERSION = YES;
				CLANG_WARN_INFINITE_RECURSION = YES;
				CLANG_WARN_INT_CONVERSION = YES;
				CLANG_WARN_NON_LITERAL_NULL_CONVERSION = YES;
				CLANG_WARN_OBJC_IMPLICIT_RETAIN_SELF = YES;
				CLANG_WARN_OBJC_LITERAL_CONVERSION = YES;
				CLANG_WARN_OBJC_ROOT_CLASS = YES_ERROR;
				CLANG_WARN_RANGE_LOOP_ANALYSIS = YES;
				CLANG_WARN_STRICT_PROTOTYPES = YES;
				CLANG_WARN_SUSPICIOUS_MOVE = YES;
				CLANG_WARN_UNGUARDED_AVAILABILITY = YES_AGGRESSIVE;
				CLANG_WARN_UNREACHABLE_CODE = YES;
				CLANG_WARN__DUPLICATE_METHOD_MATCH = YES;
				CODE_SIGN_IDENTITY = "iPhone Developer";
				COPY_PHASE_STRIP = NO;
				DEBUG_INFORMATION_FORMAT = "dwarf-with-dsym";
				ENABLE_NS_ASSERTIONS = NO;
				ENABLE_STRICT_OBJC_MSGSEND = YES;
				GCC_C_LANGUAGE_STANDARD = gnu11;
				GCC_NO_COMMON_BLOCKS = YES;
				GCC_WARN_64_TO_32_BIT_CONVERSION = YES;
				GCC_WARN_ABOUT_RETURN_TYPE = YES_ERROR;
				GCC_WARN_UNDECLARED_SELECTOR = YES;
				GCC_WARN_UNINITIALIZED_AUTOS = YES_AGGRESSIVE;
				GCC_WARN_UNUSED_FUNCTION = YES;
				GCC_WARN_UNUSED_VARIABLE = YES;
				IPHONEOS_DEPLOYMENT_TARGET = 11.0;
				MTL_ENABLE_DEBUG_INFO = NO;
				MTL_FAST_MATH = YES;
				SDKROOT = iphoneos;
				SWIFT_COMPILATION_MODE = wholemodule;
				SWIFT_OPTIMIZATION_LEVEL = "-O";
				VALIDATE_PRODUCT = YES;
			};
			name = Release;
		};
		44E6025623265CC500C35B61 /* Debug */ = {
			isa = XCBuildConfiguration;
			buildSettings = {
				ASSETCATALOG_COMPILER_APPICON_NAME = AppIcon;
				CODE_SIGN_STYLE = Manual;
				DEVELOPMENT_TEAM = "";
				INFOPLIST_FILE = CoreData_Storage/Info.plist;
				IPHONEOS_DEPLOYMENT_TARGET = 11.0;
				LD_RUNPATH_SEARCH_PATHS = (
					"$(inherited)",
					"@executable_path/Frameworks",
				);
				PRODUCT_BUNDLE_IDENTIFIER = com.app.CoreData;
				PRODUCT_NAME = "$(TARGET_NAME)";
				PROVISIONING_PROFILE_SPECIFIER = "";
				SWIFT_VERSION = 4.2;
				TARGETED_DEVICE_FAMILY = "1,2";
			};
			name = Debug;
		};
		44E6025723265CC500C35B61 /* Release */ = {
			isa = XCBuildConfiguration;
			buildSettings = {
				ASSETCATALOG_COMPILER_APPICON_NAME = AppIcon;
				CODE_SIGN_STYLE = Manual;
				DEVELOPMENT_TEAM = "";
				INFOPLIST_FILE = CoreData_Storage/Info.plist;
				IPHONEOS_DEPLOYMENT_TARGET = 11.0;
				LD_RUNPATH_SEARCH_PATHS = (
					"$(inherited)",
					"@executable_path/Frameworks",
				);
				PRODUCT_BUNDLE_IDENTIFIER = com.app.CoreData;
				PRODUCT_NAME = "$(TARGET_NAME)";
				PROVISIONING_PROFILE_SPECIFIER = "";
				SWIFT_VERSION = 4.2;
				TARGETED_DEVICE_FAMILY = "1,2";
			};
			name = Release;
		};
/* End XCBuildConfiguration section */

/* Begin XCConfigurationList section */
		44E6023B23265CC400C35B61 /* Build configuration list for PBXProject "CoreData_Storage" */ = {
			isa = XCConfigurationList;
			buildConfigurations = (
				44E6025323265CC500C35B61 /* Debug */,
				44E6025423265CC500C35B61 /* Release */,
			);
			defaultConfigurationIsVisible = 0;
			defaultConfigurationName = Release;
		};
		44E6025523265CC500C35B61 /* Build configuration list for PBXNativeTarget "CoreData_Storage" */ = {
			isa = XCConfigurationList;
			buildConfigurations = (
				44E6025623265CC500C35B61 /* Debug */,
				44E6025723265CC500C35B61 /* Release */,
			);
			defaultConfigurationIsVisible = 0;
			defaultConfigurationName = Release;
		};
/* End XCConfigurationList section */

/* Begin XCVersionGroup section */
		44E6024A23265CC400C35B61 /* CoreData_Storage.xcdatamodeld */ = {
			isa = XCVersionGroup;
			children = (
				44E6024B23265CC400C35B61 /* CoreData_Storage.xcdatamodel */,
			);
			currentVersion = 44E6024B23265CC400C35B61 /* CoreData_Storage.xcdatamodel */;
			path = CoreData_Storage.xcdatamodeld;
			sourceTree = "<group>";
			versionGroupType = wrapper.xcdatamodel;
		};
/* End XCVersionGroup section */
	};
	rootObject = 44E6023823265CC400C35B61 /* Project object */;
}
